# This is a Gradle generated file for dependency locking.
# Manual edits can break the build and are not advised.
# This file is expected to be part of source control.
cloth-config:ClothConfig:0.2.1.14
com.google.jimfs:jimfs:1.1
io.github.prospector.modmenu:ModMenu:1.5.4-85
me.sargunvohra.mcmods:auto-config:1.1.0+mc1.14.1
net.fabricmc.fabric-api:fabric-api-base:0.1.0+59147463
net.fabricmc.fabric-api:fabric-api:0.3.0-pre+build.164
net.fabricmc.fabric-api:fabric-commands-v0:0.1.0+59147463
net.fabricmc.fabric-api:fabric-containers-v0:0.1.0+59147463
net.fabricmc.fabric-api:fabric-content-registries-v0:0.1.1+45e1a1c8
net.fabricmc.fabric-api:fabric-crash-report-info-v1:0.1.0+59147463
net.fabricmc.fabric-api:fabric-events-interaction-v0:0.1.0+59147463
net.fabricmc.fabric-api:fabric-events-lifecycle-v0:0.1.0+59147463
net.fabricmc.fabric-api:fabric-item-groups-v0:0.1.0+59147463
net.fabricmc.fabric-api:fabric-keybindings-v0:0.1.0+59147463
net.fabricmc.fabric-api:fabric-mining-levels-v0:0.1.0+59147463
net.fabricmc.fabric-api:fabric-models-v0:0.1.0+59147463
net.fabricmc.fabric-api:fabric-networking-blockentity-v0:0.1.0+59147463
net.fabricmc.fabric-api:fabric-networking-v0:0.1.1+945f265f
net.fabricmc.fabric-api:fabric-object-builders-v0:0.1.1+9fe2f882
net.fabricmc.fabric-api:fabric-registry-sync-v0:0.1.1+59147463
net.fabricmc.fabric-api:fabric-renderer-api-v1:0.1.0+02a46d5b
net.fabricmc.fabric-api:fabric-renderer-indigo:0.1.0+02a46d5b
net.fabricmc.fabric-api:fabric-rendering-data-attachment-v1:0.1.0+02a46d5b
net.fabricmc.fabric-api:fabric-rendering-fluids-v1:0.1.0+dc4c57c2
net.fabricmc.fabric-api:fabric-rendering-v0:0.1.0+59147463
net.fabricmc.fabric-api:fabric-resource-loader-v0:0.1.1+59147463
net.fabricmc.fabric-api:fabric-resource-loader:0.1.0+93af775a
net.fabricmc.fabric-api:fabric-tag-extensions-v0:0.1.0+59147463
net.fabricmc.fabric-api:fabric-textures-v0:0.1.0+59147463
net.fabricmc:fabric-loader-sat4j:2.3.5.4
net.fabricmc:fabric-loader:0.4.7+build.147
net.fabricmc:sponge-mixin:0.7.11.20
net.fabricmc:tiny-mappings-parser:0.1.1.8
net.fabricmc:tiny-remapper:0.1.0.33
org.ow2.asm:asm-analysis:7.1
org.ow2.asm:asm-commons:7.1
org.ow2.asm:asm-tree:7.1
org.ow2.asm:asm-util:7.1
org.ow2.asm:asm:7.1
